
Microsoft Visual Studio Solution File, Format Version 12.00
Project("{FAE04EC0-301F-11D3-BF4B-00C04F79EFBC}") = "nubank-code-challenge", "nubank-code-challenge.csproj", "{CC9EE897-FCAB-4C29-906A-06D399267F31}"
EndProject
Global
	GlobalSection(SolutionConfigurationPlatforms) = preSolution
		Debug|Any CPU = Debug|Any CPU
		Release|Any CPU = Release|Any CPU
	EndGlobalSection
	GlobalSection(ProjectConfigurationPlatforms) = postSolution
		{CC9EE897-FCAB-4C29-906A-06D399267F31}.Debug|Any CPU.ActiveCfg = Debug|Any CPU
		{CC9EE897-FCAB-4C29-906A-06D399267F31}.Debug|Any CPU.Build.0 = Debug|Any CPU
		{CC9EE897-FCAB-4C29-906A-06D399267F31}.Release|Any CPU.ActiveCfg = Release|Any CPU
		{CC9EE897-FCAB-4C29-906A-06D399267F31}.Release|Any CPU.Build.0 = Release|Any CPU
	EndGlobalSection
EndGlobal
